
Microsoft Visual Studio Solution File, Format Version 12.00
# Visual Studio Version 17
VisualStudioVersion = 17.9.34728.123
MinimumVisualStudioVersion = 10.0.40219.1
Project("{FAE04EC0-301F-11D3-BF4B-00C04F79EFBC}") = "PBT-205_A1", "PBT-205_A1.csproj", "{C88808FE-2838-4D13-BCD3-E3EF2A02904E}"
EndProject
Global
	GlobalSection(SolutionConfigurationPlatforms) = preSolution
		Debug|Any CPU = Debug|Any CPU
		Release|Any CPU = Release|Any CPU
	EndGlobalSection
	GlobalSection(ProjectConfigurationPlatforms) = postSolution
		{C88808FE-2838-4D13-BCD3-E3EF2A02904E}.Debug|Any CPU.ActiveCfg = Debug|Any CPU
		{C88808FE-2838-4D13-BCD3-E3EF2A02904E}.Debug|Any CPU.Build.0 = Debug|Any CPU
		{C88808FE-2838-4D13-BCD3-E3EF2A02904E}.Release|Any CPU.ActiveCfg = Release|Any CPU
		{C88808FE-2838-4D13-BCD3-E3EF2A02904E}.Release|Any CPU.Build.0 = Release|Any CPU
	EndGlobalSection
	GlobalSection(SolutionProperties) = preSolution
		HideSolutionNode = FALSE
	EndGlobalSection
	GlobalSection(ExtensibilityGlobals) = postSolution
		SolutionGuid = {F680B66C-94CB-48ED-BD9E-31CBF4FA1810}
	EndGlobalSection
EndGlobal
